PODS:
  - Alamofire (4.6.0)
  - SwiftyJSON (4.0.0)
  - Toast-Swift (3.0.1)
  - TRON (4.0.0):
    - Alamofire (~> 4.5)
    - TRON/SwiftyJSON (= 4.0.0)
  - TRON/Core (4.0.0):
    - Alamofire (~> 4.5)
  - TRON/SwiftyJSON (4.0.0):
    - Alamofire (~> 4.5)
    - SwiftyJSON (~> 4.0)
    - TRON/Core

DEPENDENCIES:
  - Toast-Swift
  - TRON (~> 4.0)

SPEC CHECKSUMS:
  Alamofire: f41a599bd63041760b26d393ec1069d9d7b917f4
  SwiftyJSON: 070dabdcb1beb81b247c65ffa3a79dbbfb3b48aa
  Toast-Swift: ba0b01b095aada709d915f9beb1d38184a2721c3
  TRON: 71694d7d590fa7638688b71008510576c293bda3

PODFILE CHECKSUM: 7c14096885ac83b76c3f8f7b4a7812a6e2780e40

COCOAPODS: 1.2.1
